# THIS IS AN AUTOGENERATED FILE. DO NOT EDIT THIS FILE DIRECTLY.
# yarn lockfile v1


csv-writer@^1.0.0:
  version "1.0.0"
  resolved "https://registry.yarnpkg.com/csv-writer/-/csv-writer-1.0.0.tgz#d11d10546b8530619ceeb59c897d1ec88b544312"

geolib@^2.0.24:
  version "2.0.24"
  resolved "https://registry.yarnpkg.com/geolib/-/geolib-2.0.24.tgz#eb3d7fbc65f5ea3354a5af6054563ebe9f33e5f4"

lodash@^4.17.10:
  version "4.17.10"
  resolved "https://registry.yarnpkg.com/lodash/-/lodash-4.17.10.tgz#1b7793cf7259ea38fb3661d4d38b3260af8ae4e7"

moment@^2.22.2:
  version "2.22.2"
  resolved "https://registry.yarnpkg.com/moment/-/moment-2.22.2.tgz#3c257f9839fc0e93ff53149632239eb90783ff66"

stream-chain@^2.0.3:
  version "2.0.3"
  resolved "https://registry.yarnpkg.com/stream-chain/-/stream-chain-2.0.3.tgz#9155237a719c8bb2de883c2d1af66d1546f910c9"

stream-json@^1.1.1:
  version "1.1.1"
  resolved "https://registry.yarnpkg.com/stream-json/-/stream-json-1.1.1.tgz#9f3536daa894521cd65967c6c6b087c2be75cc43"
  dependencies:
    stream-chain "^2.0.3"
